// !$*UTF8*$!
{
	archiveVersion = 1;
	classes = {
	};
	objectVersion = 55;
	objects = {

/* Begin PBXBuildFile section */
		192FF625285713C70067E040 /* HangrifyApp.swift in Sources */ = {isa = PBXBuildFile; fileRef = 192FF624285713C70067E040 /* HangrifyApp.swift */; };
		192FF627285713C70067E040 /* ContentView.swift in Sources */ = {isa = PBXBuildFile; fileRef = 192FF626285713C70067E040 /* ContentView.swift */; };
		192FF629285713C90067E040 /* Assets.xcassets in Resources */ = {isa = PBXBuildFile; fileRef = 192FF628285713C90067E040 /* Assets.xcassets */; };
		192FF62C285713C90067E040 /* Preview Assets.xcassets in Resources */ = {isa = PBXBuildFile; fileRef = 192FF62B285713C90067E040 /* Preview Assets.xcassets */; };
		192FF636285713C90067E040 /* HangrifyTests.swift in Sources */ = {isa = PBXBuildFile; fileRef = 192FF635285713C90067E040 /* HangrifyTests.swift */; };
		192FF640285713C90067E040 /* HangrifyUITests.swift in Sources */ = {isa = PBXBuildFile; fileRef = 192FF63F285713C90067E040 /* HangrifyUITests.swift */; };
		192FF642285713C90067E040 /* HangrifyUITestsLaunchTests.swift in Sources */ = {isa = PBXBuildFile; fileRef = 192FF641285713C90067E040 /* HangrifyUITestsLaunchTests.swift */; };
/* End PBXBuildFile section */

/* Begin PBXContainerItemProxy section */
		192FF632285713C90067E040 /* PBXContainerItemProxy */ = {
			isa = PBXContainerItemProxy;
			containerPortal = 192FF619285713C70067E040 /* Project object */;
			proxyType = 1;
			remoteGlobalIDString = 192FF620285713C70067E040;
			remoteInfo = Hangrify;
		};
		192FF63C285713C90067E040 /* PBXContainerItemProxy */ = {
			isa = PBXContainerItemProxy;
			containerPortal = 192FF619285713C70067E040 /* Project object */;
			proxyType = 1;
			remoteGlobalIDString = 192FF620285713C70067E040;
			remoteInfo = Hangrify;
		};
/* End PBXContainerItemProxy section */

/* Begin PBXFileReference section */
		192FF621285713C70067E040 /* Hangrify.app */ = {isa = PBXFileReference; explicitFileType = wrapper.application; includeInIndex = 0; path = Hangrify.app; sourceTree = BUILT_PRODUCTS_DIR; };
		192FF624285713C70067E040 /* HangrifyApp.swift */ = {isa = PBXFileReference; lastKnownFileType = sourcecode.swift; path = HangrifyApp.swift; sourceTree = "<group>"; };
		192FF626285713C70067E040 /* ContentView.swift */ = {isa = PBXFileReference; lastKnownFileType = sourcecode.swift; path = ContentView.swift; sourceTree = "<group>"; };
		192FF628285713C90067E040 /* Assets.xcassets */ = {isa = PBXFileReference; lastKnownFileType = folder.assetcatalog; path = Assets.xcassets; sourceTree = "<group>"; };
		192FF62B285713C90067E040 /* Preview Assets.xcassets */ = {isa = PBXFileReference; lastKnownFileType = folder.assetcatalog; path = "Preview Assets.xcassets"; sourceTree = "<group>"; };
		192FF631285713C90067E040 /* HangrifyTests.xctest */ = {isa = PBXFileReference; explicitFileType = wrapper.cfbundle; includeInIndex = 0; path = HangrifyTests.xctest; sourceTree = BUILT_PRODUCTS_DIR; };
		192FF635285713C90067E040 /* HangrifyTests.swift */ = {isa = PBXFileReference; lastKnownFileType = sourcecode.swift; path = HangrifyTests.swift; sourceTree = "<group>"; };
		192FF63B285713C90067E040 /* HangrifyUITests.xctest */ = {isa = PBXFileReference; explicitFileType = wrapper.cfbundle; includeInIndex = 0; path = HangrifyUITests.xctest; sourceTree = BUILT_PRODUCTS_DIR; };
		192FF63F285713C90067E040 /* HangrifyUITests.swift */ = {isa = PBXFileReference; lastKnownFileType = sourcecode.swift; path = HangrifyUITests.swift; sourceTree = "<group>"; };
		192FF641285713C90067E040 /* HangrifyUITestsLaunchTests.swift */ = {isa = PBXFileReference; lastKnownFileType = sourcecode.swift; path = HangrifyUITestsLaunchTests.swift; sourceTree = "<group>"; };
/* End PBXFileReference section */

/* Begin PBXFrameworksBuildPhase section */
		192FF61E285713C70067E040 /* Frameworks */ = {
			isa = PBXFrameworksBuildPhase;
			buildActionMask = 2147483647;
			files = (
			);
			runOnlyForDeploymentPostprocessing = 0;
		};
		192FF62E285713C90067E040 /* Frameworks */ = {
			isa = PBXFrameworksBuildPhase;
			buildActionMask = 2147483647;
			files = (
			);
			runOnlyForDeploymentPostprocessing = 0;
		};
		192FF638285713C90067E040 /* Frameworks */ = {
			isa = PBXFrameworksBuildPhase;
			buildActionMask = 2147483647;
			files = (
			);
			runOnlyForDeploymentPostprocessing = 0;
		};
/* End PBXFrameworksBuildPhase section */

/* Begin PBXGroup section */
		192FF618285713C70067E040 = {
			isa = PBXGroup;
			children = (
				192FF623285713C70067E040 /* Hangrify */,
				192FF634285713C90067E040 /* HangrifyTests */,
				192FF63E285713C90067E040 /* HangrifyUITests */,
				192FF622285713C70067E040 /* Products */,
			);
			sourceTree = "<group>";
		};
		192FF622285713C70067E040 /* Products */ = {
			isa = PBXGroup;
			children = (
				192FF621285713C70067E040 /* Hangrify.app */,
				192FF631285713C90067E040 /* HangrifyTests.xctest */,
				192FF63B285713C90067E040 /* HangrifyUITests.xctest */,
			);
			name = Products;
			sourceTree = "<group>";
		};
		192FF623285713C70067E040 /* Hangrify */ = {
			isa = PBXGroup;
			children = (
				192FF624285713C70067E040 /* HangrifyApp.swift */,
				192FF626285713C70067E040 /* ContentView.swift */,
				192FF628285713C90067E040 /* Assets.xcassets */,
				192FF62A285713C90067E040 /* Preview Content */,
			);
			path = Hangrify;
			sourceTree = "<group>";
		};
		192FF62A285713C90067E040 /* Preview Content */ = {
			isa = PBXGroup;
			children = (
				192FF62B285713C90067E040 /* Preview Assets.xcassets */,
			);
			path = "Preview Content";
			sourceTree = "<group>";
		};
		192FF634285713C90067E040 /* HangrifyTests */ = {
			isa = PBXGroup;
			children = (
				192FF635285713C90067E040 /* HangrifyTests.swift */,
			);
			path = HangrifyTests;
			sourceTree = "<group>";
		};
		192FF63E285713C90067E040 /* HangrifyUITests */ = {
			isa = PBXGroup;
			children = (
				192FF63F285713C90067E040 /* HangrifyUITests.swift */,
				192FF641285713C90067E040 /* HangrifyUITestsLaunchTests.swift */,
			);
			path = HangrifyUITests;
			sourceTree = "<group>";
		};
/* End PBXGroup section */

/* Begin PBXNativeTarget section */
		192FF620285713C70067E040 /* Hangrify */ = {
			isa = PBXNativeTarget;
			buildConfigurationList = 192FF645285713C90067E040 /* Build configuration list for PBXNativeTarget "Hangrify" */;
			buildPhases = (
				192FF61D285713C70067E040 /* Sources */,
				192FF61E285713C70067E040 /* Frameworks */,
				192FF61F285713C70067E040 /* Resources */,
			);
			buildRules = (
			);
			dependencies = (
			);
			name = Hangrify;
			productName = Hangrify;
			productReference = 192FF621285713C70067E040 /* Hangrify.app */;
			productType = "com.apple.product-type.application";
		};
		192FF630285713C90067E040 /* HangrifyTests */ = {
			isa = PBXNativeTarget;
			buildConfigurationList = 192FF648285713C90067E040 /* Build configuration list for PBXNativeTarget "HangrifyTests" */;
			buildPhases = (
				192FF62D285713C90067E040 /* Sources */,
				192FF62E285713C90067E040 /* Frameworks */,
				192FF62F285713C90067E040 /* Resources */,
			);
			buildRules = (
			);
			dependencies = (
				192FF633285713C90067E040 /* PBXTargetDependency */,
			);
			name = HangrifyTests;
			productName = HangrifyTests;
			productReference = 192FF631285713C90067E040 /* HangrifyTests.xctest */;
			productType = "com.apple.product-type.bundle.unit-test";
		};
		192FF63A285713C90067E040 /* HangrifyUITests */ = {
			isa = PBXNativeTarget;
			buildConfigurationList = 192FF64B285713C90067E040 /* Build configuration list for PBXNativeTarget "HangrifyUITests" */;
			buildPhases = (
				192FF637285713C90067E040 /* Sources */,
				192FF638285713C90067E040 /* Frameworks */,
				192FF639285713C90067E040 /* Resources */,
			);
			buildRules = (
			);
			dependencies = (
				192FF63D285713C90067E040 /* PBXTargetDependency */,
			);
			name = HangrifyUITests;
			productName = HangrifyUITests;
			productReference = 192FF63B285713C90067E040 /* HangrifyUITests.xctest */;
			productType = "com.apple.product-type.bundle.ui-testing";
		};
/* End PBXNativeTarget section */

/* Begin PBXProject section */
		192FF619285713C70067E040 /* Project object */ = {
			isa = PBXProject;
			attributes = {
				BuildIndependentTargetsInParallel = 1;
				LastSwiftUpdateCheck = 1340;
				LastUpgradeCheck = 1340;
				TargetAttributes = {
					192FF620285713C70067E040 = {
						CreatedOnToolsVersion = 13.4.1;
					};
					192FF630285713C90067E040 = {
						CreatedOnToolsVersion = 13.4.1;
						TestTargetID = 192FF620285713C70067E040;
					};
					192FF63A285713C90067E040 = {
						CreatedOnToolsVersion = 13.4.1;
						TestTargetID = 192FF620285713C70067E040;
					};
				};
			};
			buildConfigurationList = 192FF61C285713C70067E040 /* Build configuration list for PBXProject "Hangrify" */;
			compatibilityVersion = "Xcode 13.0";
			developmentRegion = en;
			hasScannedForEncodings = 0;
			knownRegions = (
				en,
				Base,
			);
			mainGroup = 192FF618285713C70067E040;
			productRefGroup = 192FF622285713C70067E040 /* Products */;
			projectDirPath = "";
			projectRoot = "";
			targets = (
				192FF620285713C70067E040 /* Hangrify */,
				192FF630285713C90067E040 /* HangrifyTests */,
				192FF63A285713C90067E040 /* HangrifyUITests */,
			);
		};
/* End PBXProject section */

/* Begin PBXResourcesBuildPhase section */
		192FF61F285713C70067E040 /* Resources */ = {
			isa = PBXResourcesBuildPhase;
			buildActionMask = 2147483647;
			files = (
				192FF62C285713C90067E040 /* Preview Assets.xcassets in Resources */,
				192FF629285713C90067E040 /* Assets.xcassets in Resources */,
			);
			runOnlyForDeploymentPostprocessing = 0;
		};
		192FF62F285713C90067E040 /* Resources */ = {
			isa = PBXResourcesBuildPhase;
			buildActionMask = 2147483647;
			files = (
			);
			runOnlyForDeploymentPostprocessing = 0;
		};
		192FF639285713C90067E040 /* Resources */ = {
			isa = PBXResourcesBuildPhase;
			buildActionMask = 2147483647;
			files = (
			);
			runOnlyForDeploymentPostprocessing = 0;
		};
/* End PBXResourcesBuildPhase section */

/* Begin PBXSourcesBuildPhase section */
		192FF61D285713C70067E040 /* Sources */ = {
			isa = PBXSourcesBuildPhase;
			buildActionMask = 2147483647;
			files = (
				192FF627285713C70067E040 /* ContentView.swift in Sources */,
				192FF625285713C70067E040 /* HangrifyApp.swift in Sources */,
			);
			runOnlyForDeploymentPostprocessing = 0;
		};
		192FF62D285713C90067E040 /* Sources */ = {
			isa = PBXSourcesBuildPhase;
			buildActionMask = 2147483647;
			files = (
				192FF636285713C90067E040 /* HangrifyTests.swift in Sources */,
			);
			runOnlyForDeploymentPostprocessing = 0;
		};
		192FF637285713C90067E040 /* Sources */ = {
			isa = PBXSourcesBuildPhase;
			buildActionMask = 2147483647;
			files = (
				192FF642285713C90067E040 /* HangrifyUITestsLaunchTests.swift in Sources */,
				192FF640285713C90067E040 /* HangrifyUITests.swift in Sources */,
			);
			runOnlyForDeploymentPostprocessing = 0;
		};
/* End PBXSourcesBuildPhase section */

/* Begin PBXTargetDependency section */
		192FF633285713C90067E040 /* PBXTargetDependency */ = {
			isa = PBXTargetDependency;
			target = 192FF620285713C70067E040 /* Hangrify */;
			targetProxy = 192FF632285713C90067E040 /* PBXContainerItemProxy */;
		};
		192FF63D285713C90067E040 /* PBXTargetDependency */ = {
			isa = PBXTargetDependency;
			target = 192FF620285713C70067E040 /* Hangrify */;
			targetProxy = 192FF63C285713C90067E040 /* PBXContainerItemProxy */;
		};
/* End PBXTargetDependency section */

/* Begin XCBuildConfiguration section */
		192FF643285713C90067E040 /* Debug */ = {
			isa = XCBuildConfiguration;
			buildSettings = {
				ALWAYS_SEARCH_USER_PATHS = NO;
				CLANG_ANALYZER_NONNULL = YES;
				CLANG_ANALYZER_NUMBER_OBJECT_CONVERSION = YES_AGGRESSIVE;
				CLANG_CXX_LANGUAGE_STANDARD = "gnu++17";
				CLANG_ENABLE_MODULES = YES;
				CLANG_ENABLE_OBJC_ARC = YES;
				CLANG_ENABLE_OBJC_WEAK = YES;
				CLANG_WARN_BLOCK_CAPTURE_AUTORELEASING = YES;
				CLANG_WARN_BOOL_CONVERSION = YES;
				CLANG_WARN_COMMA = YES;
				CLANG_WARN_CONSTANT_CONVERSION = YES;
				CLANG_WARN_DEPRECATED_OBJC_IMPLEMENTATIONS = YES;
				CLANG_WARN_DIRECT_OBJC_ISA_USAGE = YES_ERROR;
				CLANG_WARN_DOCUMENTATION_COMMENTS = YES;
				CLANG_WARN_EMPTY_BODY = YES;
				CLANG_WARN_ENUM_CONVERSION = YES;
				CLANG_WARN_INFINITE_RECURSION = YES;
				CLANG_WARN_INT_CONVERSION = YES;
				CLANG_WARN_NON_LITERAL_NULL_CONVERSION = YES;
				CLANG_WARN_OBJC_IMPLICIT_RETAIN_SELF = YES;
				CLANG_WARN_OBJC_LITERAL_CONVERSION = YES;
				CLANG_WARN_OBJC_ROOT_CLASS = YES_ERROR;
				CLANG_WARN_QUOTED_INCLUDE_IN_FRAMEWORK_HEADER = YES;
				CLANG_WARN_RANGE_LOOP_ANALYSIS = YES;
				CLANG_WARN_STRICT_PROTOTYPES = YES;
				CLANG_WARN_SUSPICIOUS_MOVE = YES;
				CLANG_WARN_UNGUARDED_AVAILABILITY = YES_AGGRESSIVE;
				CLANG_WARN_UNREACHABLE_CODE = YES;
				CLANG_WARN__DUPLICATE_METHOD_MATCH = YES;
				COPY_PHASE_STRIP = NO;
				DEBUG_INFORMATION_FORMAT = dwarf;
				ENABLE_STRICT_OBJC_MSGSEND = YES;
				ENABLE_TESTABILITY = YES;
				GCC_C_LANGUAGE_STANDARD = gnu11;
				GCC_DYNAMIC_NO_PIC = NO;
				GCC_NO_COMMON_BLOCKS = YES;
				GCC_OPTIMIZATION_LEVEL = 0;
				GCC_PREPROCESSOR_DEFINITIONS = (
					"DEBUG=1",
					"$(inherited)",
				);
				GCC_WARN_64_TO_32_BIT_CONVERSION = YES;
				GCC_WARN_ABOUT_RETURN_TYPE = YES_ERROR;
				GCC_WARN_UNDECLARED_SELECTOR = YES;
				GCC_WARN_UNINITIALIZED_AUTOS = YES_AGGRESSIVE;
				GCC_WARN_UNUSED_FUNCTION = YES;
				GCC_WARN_UNUSED_VARIABLE = YES;
				IPHONEOS_DEPLOYMENT_TARGET = 15.5;
				MTL_ENABLE_DEBUG_INFO = INCLUDE_SOURCE;
				MTL_FAST_MATH = YES;
				ONLY_ACTIVE_ARCH = YES;
				SDKROOT = iphoneos;
				SWIFT_ACTIVE_COMPILATION_CONDITIONS = DEBUG;
				SWIFT_OPTIMIZATION_LEVEL = "-Onone";
			};
			name = Debug;
		};
		192FF644285713C90067E040 /* Release */ = {
			isa = XCBuildConfiguration;
			buildSettings = {
				ALWAYS_SEARCH_USER_PATHS = NO;
				CLANG_ANALYZER_NONNULL = YES;
				CLANG_ANALYZER_NUMBER_OBJECT_CONVERSION = YES_AGGRESSIVE;
				CLANG_CXX_LANGUAGE_STANDARD = "gnu++17";
				CLANG_ENABLE_MODULES = YES;
				CLANG_ENABLE_OBJC_ARC = YES;
				CLANG_ENABLE_OBJC_WEAK = YES;
				CLANG_WARN_BLOCK_CAPTURE_AUTORELEASING = YES;
				CLANG_WARN_BOOL_CONVERSION = YES;
				CLANG_WARN_COMMA = YES;
				CLANG_WARN_CONSTANT_CONVERSION = YES;
				CLANG_WARN_DEPRECATED_OBJC_IMPLEMENTATIONS = YES;
				CLANG_WARN_DIRECT_OBJC_ISA_USAGE = YES_ERROR;
				CLANG_WARN_DOCUMENTATION_COMMENTS = YES;
				CLANG_WARN_EMPTY_BODY = YES;
				CLANG_WARN_ENUM_CONVERSION = YES;
				CLANG_WARN_INFINITE_RECURSION = YES;
				CLANG_WARN_INT_CONVERSION = YES;
				CLANG_WARN_NON_LITERAL_NULL_CONVERSION = YES;
				CLANG_WARN_OBJC_IMPLICIT_RETAIN_SELF = YES;
				CLANG_WARN_OBJC_LITERAL_CONVERSION = YES;
				CLANG_WARN_OBJC_ROOT_CLASS = YES_ERROR;
				CLANG_WARN_QUOTED_INCLUDE_IN_FRAMEWORK_HEADER = YES;
				CLANG_WARN_RANGE_LOOP_ANALYSIS = YES;
				CLANG_WARN_STRICT_PROTOTYPES = YES;
				CLANG_WARN_SUSPICIOUS_MOVE = YES;
				CLANG_WARN_UNGUARDED_AVAILABILITY = YES_AGGRESSIVE;
				CLANG_WARN_UNREACHABLE_CODE = YES;
				CLANG_WARN__DUPLICATE_METHOD_MATCH = YES;
				COPY_PHASE_STRIP = NO;
				DEBUG_INFORMATION_FORMAT = "dwarf-with-dsym";
				ENABLE_NS_ASSERTIONS = NO;
				ENABLE_STRICT_OBJC_MSGSEND = YES;
				GCC_C_LANGUAGE_STANDARD = gnu11;
				GCC_NO_COMMON_BLOCKS = YES;
				GCC_WARN_64_TO_32_BIT_CONVERSION = YES;
				GCC_WARN_ABOUT_RETURN_TYPE = YES_ERROR;
				GCC_WARN_UNDECLARED_SELECTOR = YES;
				GCC_WARN_UNINITIALIZED_AUTOS = YES_AGGRESSIVE;
				GCC_WARN_UNUSED_FUNCTION = YES;
				GCC_WARN_UNUSED_VARIABLE = YES;
				IPHONEOS_DEPLOYMENT_TARGET = 15.5;
				MTL_ENABLE_DEBUG_INFO = NO;
				MTL_FAST_MATH = YES;
				SDKROOT = iphoneos;
				SWIFT_COMPILATION_MODE = wholemodule;
				SWIFT_OPTIMIZATION_LEVEL = "-O";
				VALIDATE_PRODUCT = YES;
			};
			name = Release;
		};
		192FF646285713C90067E040 /* Debug */ = {
			isa = XCBuildConfiguration;
			buildSettings = {
				ASSETCATALOG_COMPILER_APPICON_NAME = AppIcon;
				ASSETCATALOG_COMPILER_GLOBAL_ACCENT_COLOR_NAME = AccentColor;
				CODE_SIGN_STYLE = Automatic;
				CURRENT_PROJECT_VERSION = 1;
				DEVELOPMENT_ASSET_PATHS = "\"Hangrify/Preview Content\"";
				ENABLE_PREVIEWS = YES;
				GENERATE_INFOPLIST_FILE = YES;
				INFOPLIST_KEY_UIApplicationSceneManifest_Generation = YES;
				INFOPLIST_KEY_UIApplicationSupportsIndirectInputEvents = YES;
				INFOPLIST_KEY_UILaunchScreen_Generation = YES;
				INFOPLIST_KEY_UISupportedInterfaceOrientations_iPad = "UIInterfaceOrientationPortrait UIInterfaceOrientationPortraitUpsideDown UIInterfaceOrientationLandscapeLeft UIInterfaceOrientationLandscapeRight";
				INFOPLIST_KEY_UISupportedInterfaceOrientations_iPhone = "UIInterfaceOrientationPortrait UIInterfaceOrientationLandscapeLeft UIInterfaceOrientationLandscapeRight";
				LD_RUNPATH_SEARCH_PATHS = (
					"$(inherited)",
					"@executable_path/Frameworks",
				);
				MARKETING_VERSION = 1.0;
				PRODUCT_BUNDLE_IDENTIFIER = com.joonashiltunen.Hangrify;
				PRODUCT_NAME = "$(TARGET_NAME)";
				SWIFT_EMIT_LOC_STRINGS = YES;
				SWIFT_VERSION = 5.0;
				TARGETED_DEVICE_FAMILY = "1,2";
			};
			name = Debug;
		};
		192FF647285713C90067E040 /* Release */ = {
			isa = XCBuildConfiguration;
			buildSettings = {
				ASSETCATALOG_COMPILER_APPICON_NAME = AppIcon;
				ASSETCATALOG_COMPILER_GLOBAL_ACCENT_COLOR_NAME = AccentColor;
				CODE_SIGN_STYLE = Automatic;
				CURRENT_PROJECT_VERSION = 1;
				DEVELOPMENT_ASSET_PATHS = "\"Hangrify/Preview Content\"";
				ENABLE_PREVIEWS = YES;
				GENERATE_INFOPLIST_FILE = YES;
				INFOPLIST_KEY_UIApplicationSceneManifest_Generation = YES;
				INFOPLIST_KEY_UIApplicationSupportsIndirectInputEvents = YES;
				INFOPLIST_KEY_UILaunchScreen_Generation = YES;
				INFOPLIST_KEY_UISupportedInterfaceOrientations_iPad = "UIInterfaceOrientationPortrait UIInterfaceOrientationPortraitUpsideDown UIInterfaceOrientationLandscapeLeft UIInterfaceOrientationLandscapeRight";
				INFOPLIST_KEY_UISupportedInterfaceOrientations_iPhone = "UIInterfaceOrientationPortrait UIInterfaceOrientationLandscapeLeft UIInterfaceOrientationLandscapeRight";
				LD_RUNPATH_SEARCH_PATHS = (
					"$(inherited)",
					"@executable_path/Frameworks",
				);
				MARKETING_VERSION = 1.0;
				PRODUCT_BUNDLE_IDENTIFIER = com.joonashiltunen.Hangrify;
				PRODUCT_NAME = "$(TARGET_NAME)";
				SWIFT_EMIT_LOC_STRINGS = YES;
				SWIFT_VERSION = 5.0;
				TARGETED_DEVICE_FAMILY = "1,2";
			};
			name = Release;
		};
		192FF649285713C90067E040 /* Debug */ = {
			isa = XCBuildConfiguration;
			buildSettings = {
				ALWAYS_EMBED_SWIFT_STANDARD_LIBRARIES = YES;
				BUNDLE_LOADER = "$(TEST_HOST)";
				CODE_SIGN_STYLE = Automatic;
				CURRENT_PROJECT_VERSION = 1;
				GENERATE_INFOPLIST_FILE = YES;
				IPHONEOS_DEPLOYMENT_TARGET = 15.5;
				MARKETING_VERSION = 1.0;
				PRODUCT_BUNDLE_IDENTIFIER = com.joonashiltunen.HangrifyTests;
				PRODUCT_NAME = "$(TARGET_NAME)";
				SWIFT_EMIT_LOC_STRINGS = NO;
				SWIFT_VERSION = 5.0;
				TARGETED_DEVICE_FAMILY = "1,2";
				TEST_HOST = "$(BUILT_PRODUCTS_DIR)/Hangrify.app/Hangrify";
			};
			name = Debug;
		};
		192FF64A285713C90067E040 /* Release */ = {
			isa = XCBuildConfiguration;
			buildSettings = {
				ALWAYS_EMBED_SWIFT_STANDARD_LIBRARIES = YES;
				BUNDLE_LOADER = "$(TEST_HOST)";
				CODE_SIGN_STYLE = Automatic;
				CURRENT_PROJECT_VERSION = 1;
				GENERATE_INFOPLIST_FILE = YES;
				IPHONEOS_DEPLOYMENT_TARGET = 15.5;
				MARKETING_VERSION = 1.0;
				PRODUCT_BUNDLE_IDENTIFIER = com.joonashiltunen.HangrifyTests;
				PRODUCT_NAME = "$(TARGET_NAME)";
				SWIFT_EMIT_LOC_STRINGS = NO;
				SWIFT_VERSION = 5.0;
				TARGETED_DEVICE_FAMILY = "1,2";
				TEST_HOST = "$(BUILT_PRODUCTS_DIR)/Hangrify.app/Hangrify";
			};
			name = Release;
		};
		192FF64C285713C90067E040 /* Debug */ = {
			isa = XCBuildConfiguration;
			buildSettings = {
				ALWAYS_EMBED_SWIFT_STANDARD_LIBRARIES = YES;
				CODE_SIGN_STYLE = Automatic;
				CURRENT_PROJECT_VERSION = 1;
				GENERATE_INFOPLIST_FILE = YES;
				MARKETING_VERSION = 1.0;
				PRODUCT_BUNDLE_IDENTIFIER = com.joonashiltunen.HangrifyUITests;
				PRODUCT_NAME = "$(TARGET_NAME)";
				SWIFT_EMIT_LOC_STRINGS = NO;
				SWIFT_VERSION = 5.0;
				TARGETED_DEVICE_FAMILY = "1,2";
				TEST_TARGET_NAME = Hangrify;
			};
			name = Debug;
		};
		192FF64D285713C90067E040 /* Release */ = {
			isa = XCBuildConfiguration;
			buildSettings = {
				ALWAYS_EMBED_SWIFT_STANDARD_LIBRARIES = YES;
				CODE_SIGN_STYLE = Automatic;
				CURRENT_PROJECT_VERSION = 1;
				GENERATE_INFOPLIST_FILE = YES;
				MARKETING_VERSION = 1.0;
				PRODUCT_BUNDLE_IDENTIFIER = com.joonashiltunen.HangrifyUITests;
				PRODUCT_NAME = "$(TARGET_NAME)";
				SWIFT_EMIT_LOC_STRINGS = NO;
				SWIFT_VERSION = 5.0;
				TARGETED_DEVICE_FAMILY = "1,2";
				TEST_TARGET_NAME = Hangrify;
			};
			name = Release;
		};
/* End XCBuildConfiguration section */

/* Begin XCConfigurationList section */
		192FF61C285713C70067E040 /* Build configuration list for PBXProject "Hangrify" */ = {
			isa = XCConfigurationList;
			buildConfigurations = (
				192FF643285713C90067E040 /* Debug */,
				192FF644285713C90067E040 /* Release */,
			);
			defaultConfigurationIsVisible = 0;
			defaultConfigurationName = Release;
		};
		192FF645285713C90067E040 /* Build configuration list for PBXNativeTarget "Hangrify" */ = {
			isa = XCConfigurationList;
			buildConfigurations = (
				192FF646285713C90067E040 /* Debug */,
				192FF647285713C90067E040 /* Release */,
			);
			defaultConfigurationIsVisible = 0;
			defaultConfigurationName = Release;
		};
		192FF648285713C90067E040 /* Build configuration list for PBXNativeTarget "HangrifyTests" */ = {
			isa = XCConfigurationList;
			buildConfigurations = (
				192FF649285713C90067E040 /* Debug */,
				192FF64A285713C90067E040 /* Release */,
			);
			defaultConfigurationIsVisible = 0;
			defaultConfigurationName = Release;
		};
		192FF64B285713C90067E040 /* Build configuration list for PBXNativeTarget "HangrifyUITests" */ = {
			isa = XCConfigurationList;
			buildConfigurations = (
				192FF64C285713C90067E040 /* Debug */,
				192FF64D285713C90067E040 /* Release */,
			);
			defaultConfigurationIsVisible = 0;
			defaultConfigurationName = Release;
		};
/* End XCConfigurationList section */
	};
	rootObject = 192FF619285713C70067E040 /* Project object */;
}
